
Microsoft Visual Studio Solution File, Format Version 12.00
# Visual Studio Version 17
VisualStudioVersion = 17.5.002.0
MinimumVisualStudioVersion = 10.0.40219.1
Project("{9A19103F-16F7-4668-BE54-9A1E7A4F7556}") = "backend", "backendd\backend.csproj", "{E53B57E7-8375-4770-B507-0EE465A8445A}"
EndProject
Global
	GlobalSection(SolutionConfigurationPlatforms) = preSolution
		Debug|Any CPU = Debug|Any CPU
		Release|Any CPU = Release|Any CPU
	EndGlobalSection
	GlobalSection(ProjectConfigurationPlatforms) = postSolution
		{E53B57E7-8375-4770-B507-0EE465A8445A}.Debug|Any CPU.ActiveCfg = Debug|Any CPU
		{E53B57E7-8375-4770-B507-0EE465A8445A}.Debug|Any CPU.Build.0 = Debug|Any CPU
		{E53B57E7-8375-4770-B507-0EE465A8445A}.Release|Any CPU.ActiveCfg = Release|Any CPU
		{E53B57E7-8375-4770-B507-0EE465A8445A}.Release|Any CPU.Build.0 = Release|Any CPU
	EndGlobalSection
	GlobalSection(SolutionProperties) = preSolution
		HideSolutionNode = FALSE
	EndGlobalSection
	GlobalSection(ExtensibilityGlobals) = postSolution
		SolutionGuid = {E05AF192-8AF2-43EE-958D-787AA50207A6}
	EndGlobalSection
EndGlobal
