
Microsoft Visual Studio Solution File, Format Version 12.00
# Visual Studio Version 17
VisualStudioVersion = 17.5.2.0
MinimumVisualStudioVersion = 10.0.40219.1
Project("{9A19103F-16F7-4668-BE54-9A1E7A4F7556}") = "backend", "backend\backend.csproj", "{E53B57E7-8375-4770-B507-0EE465A8445A}"
EndProject
Project("{2150E333-8FDC-42A3-9474-1A3956D46DE8}") = "backendV2", "backendV2", "{E30FBBEC-5AC3-FEE1-DBC7-567123FC7BC9}"
EndProject
Project("{FAE04EC0-301F-11D3-BF4B-00C04F79EFBC}") = "BuildingBlocks", "backendV2\BuildingBlocks\BuildingBlocks.csproj", "{D1C0702A-E177-462F-9214-C6AE5399D3FA}"
EndProject
Project("{2150E333-8FDC-42A3-9474-1A3956D46DE8}") = "ApiGateway", "ApiGateway", "{330F4994-1C92-EA45-B248-FACF6479A6DE}"
EndProject
Project("{2150E333-8FDC-42A3-9474-1A3956D46DE8}") = "src", "src", "{00A40E5D-011F-C5F7-D751-6166CF12492D}"
EndProject
Project("{FAE04EC0-301F-11D3-BF4B-00C04F79EFBC}") = "ApiGateway", "backendV2\ApiGateway\src\ApiGateway.csproj", "{304FF9C0-8D2D-4B83-860D-05E48DD9BC1E}"
EndProject
Project("{2150E333-8FDC-42A3-9474-1A3956D46DE8}") = "Aspire", "Aspire", "{7DACED03-1824-1788-A1A9-50EA1F2427B0}"
EndProject
Project("{2150E333-8FDC-42A3-9474-1A3956D46DE8}") = "src", "src", "{BE785B34-B309-F227-D413-014E895B7EB7}"
EndProject
Project("{FAE04EC0-301F-11D3-BF4B-00C04F79EFBC}") = "ServiceDefaults", "backendV2\Aspire\src\ServiceDefaults\ServiceDefaults.csproj", "{B77B91D8-9614-498B-A816-6D636A536283}"
EndProject
Project("{FAE04EC0-301F-11D3-BF4B-00C04F79EFBC}") = "AppHost", "backendV2\Aspire\src\AppHost\AppHost.csproj", "{E4B7CA0A-FC91-4D97-A716-E4EE1D444DCA}"
EndProject
Global
	GlobalSection(SolutionConfigurationPlatforms) = preSolution
		Debug|Any CPU = Debug|Any CPU
		Debug|x64 = Debug|x64
		Debug|x86 = Debug|x86
		Release|Any CPU = Release|Any CPU
		Release|x64 = Release|x64
		Release|x86 = Release|x86
	EndGlobalSection
	GlobalSection(ProjectConfigurationPlatforms) = postSolution
		{E53B57E7-8375-4770-B507-0EE465A8445A}.Debug|Any CPU.ActiveCfg = Debug|Any CPU
		{E53B57E7-8375-4770-B507-0EE465A8445A}.Debug|Any CPU.Build.0 = Debug|Any CPU
		{E53B57E7-8375-4770-B507-0EE465A8445A}.Debug|x64.ActiveCfg = Debug|Any CPU
		{E53B57E7-8375-4770-B507-0EE465A8445A}.Debug|x64.Build.0 = Debug|Any CPU
		{E53B57E7-8375-4770-B507-0EE465A8445A}.Debug|x86.ActiveCfg = Debug|Any CPU
		{E53B57E7-8375-4770-B507-0EE465A8445A}.Debug|x86.Build.0 = Debug|Any CPU
		{E53B57E7-8375-4770-B507-0EE465A8445A}.Release|Any CPU.ActiveCfg = Release|Any CPU
		{E53B57E7-8375-4770-B507-0EE465A8445A}.Release|Any CPU.Build.0 = Release|Any CPU
		{E53B57E7-8375-4770-B507-0EE465A8445A}.Release|x64.ActiveCfg = Release|Any CPU
		{E53B57E7-8375-4770-B507-0EE465A8445A}.Release|x64.Build.0 = Release|Any CPU
		{E53B57E7-8375-4770-B507-0EE465A8445A}.Release|x86.ActiveCfg = Release|Any CPU
		{E53B57E7-8375-4770-B507-0EE465A8445A}.Release|x86.Build.0 = Release|Any CPU
		{D1C0702A-E177-462F-9214-C6AE5399D3FA}.Debug|Any CPU.ActiveCfg = Debug|Any CPU
		{D1C0702A-E177-462F-9214-C6AE5399D3FA}.Debug|Any CPU.Build.0 = Debug|Any CPU
		{D1C0702A-E177-462F-9214-C6AE5399D3FA}.Debug|x64.ActiveCfg = Debug|Any CPU
		{D1C0702A-E177-462F-9214-C6AE5399D3FA}.Debug|x64.Build.0 = Debug|Any CPU
		{D1C0702A-E177-462F-9214-C6AE5399D3FA}.Debug|x86.ActiveCfg = Debug|Any CPU
		{D1C0702A-E177-462F-9214-C6AE5399D3FA}.Debug|x86.Build.0 = Debug|Any CPU
		{D1C0702A-E177-462F-9214-C6AE5399D3FA}.Release|Any CPU.ActiveCfg = Release|Any CPU
		{D1C0702A-E177-462F-9214-C6AE5399D3FA}.Release|Any CPU.Build.0 = Release|Any CPU
		{D1C0702A-E177-462F-9214-C6AE5399D3FA}.Release|x64.ActiveCfg = Release|Any CPU
		{D1C0702A-E177-462F-9214-C6AE5399D3FA}.Release|x64.Build.0 = Release|Any CPU
		{D1C0702A-E177-462F-9214-C6AE5399D3FA}.Release|x86.ActiveCfg = Release|Any CPU
		{D1C0702A-E177-462F-9214-C6AE5399D3FA}.Release|x86.Build.0 = Release|Any CPU
		{304FF9C0-8D2D-4B83-860D-05E48DD9BC1E}.Debug|Any CPU.ActiveCfg = Debug|Any CPU
		{304FF9C0-8D2D-4B83-860D-05E48DD9BC1E}.Debug|Any CPU.Build.0 = Debug|Any CPU
		{304FF9C0-8D2D-4B83-860D-05E48DD9BC1E}.Debug|x64.ActiveCfg = Debug|Any CPU
		{304FF9C0-8D2D-4B83-860D-05E48DD9BC1E}.Debug|x64.Build.0 = Debug|Any CPU
		{304FF9C0-8D2D-4B83-860D-05E48DD9BC1E}.Debug|x86.ActiveCfg = Debug|Any CPU
		{304FF9C0-8D2D-4B83-860D-05E48DD9BC1E}.Debug|x86.Build.0 = Debug|Any CPU
		{304FF9C0-8D2D-4B83-860D-05E48DD9BC1E}.Release|Any CPU.ActiveCfg = Release|Any CPU
		{304FF9C0-8D2D-4B83-860D-05E48DD9BC1E}.Release|Any CPU.Build.0 = Release|Any CPU
		{304FF9C0-8D2D-4B83-860D-05E48DD9BC1E}.Release|x64.ActiveCfg = Release|Any CPU
		{304FF9C0-8D2D-4B83-860D-05E48DD9BC1E}.Release|x64.Build.0 = Release|Any CPU
		{304FF9C0-8D2D-4B83-860D-05E48DD9BC1E}.Release|x86.ActiveCfg = Release|Any CPU
		{304FF9C0-8D2D-4B83-860D-05E48DD9BC1E}.Release|x86.Build.0 = Release|Any CPU
		{B77B91D8-9614-498B-A816-6D636A536283}.Debug|Any CPU.ActiveCfg = Debug|Any CPU
		{B77B91D8-9614-498B-A816-6D636A536283}.Debug|Any CPU.Build.0 = Debug|Any CPU
		{B77B91D8-9614-498B-A816-6D636A536283}.Debug|x64.ActiveCfg = Debug|Any CPU
		{B77B91D8-9614-498B-A816-6D636A536283}.Debug|x64.Build.0 = Debug|Any CPU
		{B77B91D8-9614-498B-A816-6D636A536283}.Debug|x86.ActiveCfg = Debug|Any CPU
		{B77B91D8-9614-498B-A816-6D636A536283}.Debug|x86.Build.0 = Debug|Any CPU
		{B77B91D8-9614-498B-A816-6D636A536283}.Release|Any CPU.ActiveCfg = Release|Any CPU
		{B77B91D8-9614-498B-A816-6D636A536283}.Release|Any CPU.Build.0 = Release|Any CPU
		{B77B91D8-9614-498B-A816-6D636A536283}.Release|x64.ActiveCfg = Release|Any CPU
		{B77B91D8-9614-498B-A816-6D636A536283}.Release|x64.Build.0 = Release|Any CPU
		{B77B91D8-9614-498B-A816-6D636A536283}.Release|x86.ActiveCfg = Release|Any CPU
		{B77B91D8-9614-498B-A816-6D636A536283}.Release|x86.Build.0 = Release|Any CPU
		{E4B7CA0A-FC91-4D97-A716-E4EE1D444DCA}.Debug|Any CPU.ActiveCfg = Debug|Any CPU
		{E4B7CA0A-FC91-4D97-A716-E4EE1D444DCA}.Debug|Any CPU.Build.0 = Debug|Any CPU
		{E4B7CA0A-FC91-4D97-A716-E4EE1D444DCA}.Debug|x64.ActiveCfg = Debug|Any CPU
		{E4B7CA0A-FC91-4D97-A716-E4EE1D444DCA}.Debug|x64.Build.0 = Debug|Any CPU
		{E4B7CA0A-FC91-4D97-A716-E4EE1D444DCA}.Debug|x86.ActiveCfg = Debug|Any CPU
		{E4B7CA0A-FC91-4D97-A716-E4EE1D444DCA}.Debug|x86.Build.0 = Debug|Any CPU
		{E4B7CA0A-FC91-4D97-A716-E4EE1D444DCA}.Release|Any CPU.ActiveCfg = Release|Any CPU
		{E4B7CA0A-FC91-4D97-A716-E4EE1D444DCA}.Release|Any CPU.Build.0 = Release|Any CPU
		{E4B7CA0A-FC91-4D97-A716-E4EE1D444DCA}.Release|x64.ActiveCfg = Release|Any CPU
		{E4B7CA0A-FC91-4D97-A716-E4EE1D444DCA}.Release|x64.Build.0 = Release|Any CPU
		{E4B7CA0A-FC91-4D97-A716-E4EE1D444DCA}.Release|x86.ActiveCfg = Release|Any CPU
		{E4B7CA0A-FC91-4D97-A716-E4EE1D444DCA}.Release|x86.Build.0 = Release|Any CPU
	EndGlobalSection
	GlobalSection(SolutionProperties) = preSolution
		HideSolutionNode = FALSE
	EndGlobalSection
	GlobalSection(NestedProjects) = preSolution
		{D1C0702A-E177-462F-9214-C6AE5399D3FA} = {E30FBBEC-5AC3-FEE1-DBC7-567123FC7BC9}
		{330F4994-1C92-EA45-B248-FACF6479A6DE} = {E30FBBEC-5AC3-FEE1-DBC7-567123FC7BC9}
		{00A40E5D-011F-C5F7-D751-6166CF12492D} = {330F4994-1C92-EA45-B248-FACF6479A6DE}
		{304FF9C0-8D2D-4B83-860D-05E48DD9BC1E} = {00A40E5D-011F-C5F7-D751-6166CF12492D}
		{7DACED03-1824-1788-A1A9-50EA1F2427B0} = {E30FBBEC-5AC3-FEE1-DBC7-567123FC7BC9}
		{BE785B34-B309-F227-D413-014E895B7EB7} = {7DACED03-1824-1788-A1A9-50EA1F2427B0}
		{B77B91D8-9614-498B-A816-6D636A536283} = {BE785B34-B309-F227-D413-014E895B7EB7}
		{E4B7CA0A-FC91-4D97-A716-E4EE1D444DCA} = {BE785B34-B309-F227-D413-014E895B7EB7}
	EndGlobalSection
	GlobalSection(ExtensibilityGlobals) = postSolution
		SolutionGuid = {E05AF192-8AF2-43EE-958D-787AA50207A6}
	EndGlobalSection
EndGlobal
